
Microsoft Visual Studio Solution File, Format Version 12.00
# Visual Studio Version 17
VisualStudioVersion = 17.14.36414.22 d17.14
MinimumVisualStudioVersion = 10.0.40219.1
Project("{FAE04EC0-301F-11D3-BF4B-00C04F79EFBC}") = "test-lab", "test-lab.csproj", "{D6F3487F-2145-40EE-B8E6-0FC90F5374B1}"
EndProject
Global
	GlobalSection(SolutionConfigurationPlatforms) = preSolution
		Debug|Any CPU = Debug|Any CPU
		Release|Any CPU = Release|Any CPU
	EndGlobalSection
	GlobalSection(ProjectConfigurationPlatforms) = postSolution
		{D6F3487F-2145-40EE-B8E6-0FC90F5374B1}.Debug|Any CPU.ActiveCfg = Debug|Any CPU
		{D6F3487F-2145-40EE-B8E6-0FC90F5374B1}.Debug|Any CPU.Build.0 = Debug|Any CPU
		{D6F3487F-2145-40EE-B8E6-0FC90F5374B1}.Release|Any CPU.ActiveCfg = Release|Any CPU
		{D6F3487F-2145-40EE-B8E6-0FC90F5374B1}.Release|Any CPU.Build.0 = Release|Any CPU
	EndGlobalSection
	GlobalSection(SolutionProperties) = preSolution
		HideSolutionNode = FALSE
	EndGlobalSection
	GlobalSection(ExtensibilityGlobals) = postSolution
		SolutionGuid = {C0192F1D-7EEC-48DE-85B2-2E8B2A4361A6}
	EndGlobalSection
EndGlobal
